
Microsoft Visual Studio Solution File, Format Version 12.00
# Visual Studio 15
Project("{FAE04EC0-301F-11D3-BF4B-00C04F79EFBC}") = "Assembly-CSharp-firstpass", "Assembly-CSharp-firstpass.csproj", "{B31FB958-41E9-2BA6-E1E5-2E6C979741D6}"
EndProject
Project("{FAE04EC0-301F-11D3-BF4B-00C04F79EFBC}") = "Assembly-CSharp", "Assembly-CSharp.csproj", "{0A5D8B3A-D7D9-0178-A84A-177F68772161}"
EndProject
Project("{FAE04EC0-301F-11D3-BF4B-00C04F79EFBC}") = "TensorFlowLite.Common", "TensorFlowLite.Common.csproj", "{7A6AF01A-485F-9109-C245-E3977BE2BABB}"
EndProject
Project("{FAE04EC0-301F-11D3-BF4B-00C04F79EFBC}") = "Oculus.VR", "Oculus.VR.csproj", "{C7B383AC-176A-A6F7-04AC-65B62527F37C}"
EndProject
Project("{FAE04EC0-301F-11D3-BF4B-00C04F79EFBC}") = "TensorFlowLite", "TensorFlowLite.csproj", "{19B3A269-69A7-B4D7-9E3F-BDA88A18DF6D}"
EndProject
Project("{FAE04EC0-301F-11D3-BF4B-00C04F79EFBC}") = "MediaPipe", "MediaPipe.csproj", "{A697F44B-2DDF-34DE-8ED8-C52392AF41E1}"
EndProject
Project("{FAE04EC0-301F-11D3-BF4B-00C04F79EFBC}") = "UniTask", "UniTask.csproj", "{95AA903A-9349-F69B-E9E4-09B6B9204ED5}"
EndProject
Project("{FAE04EC0-301F-11D3-BF4B-00C04F79EFBC}") = "UniTask.Linq", "UniTask.Linq.csproj", "{17F9046C-4CAB-9D3D-1E0D-C86507D4BDD0}"
EndProject
Project("{FAE04EC0-301F-11D3-BF4B-00C04F79EFBC}") = "UniTask.TextMeshPro", "UniTask.TextMeshPro.csproj", "{14876D76-0FE8-AF78-861B-8D53C6ECE0D6}"
EndProject
Project("{FAE04EC0-301F-11D3-BF4B-00C04F79EFBC}") = "UniTask.DOTween", "UniTask.DOTween.csproj", "{CE9B2A1D-8528-20DF-6E09-7231DD0000D0}"
EndProject
Project("{FAE04EC0-301F-11D3-BF4B-00C04F79EFBC}") = "UniTask.Addressables", "UniTask.Addressables.csproj", "{2D805184-EC34-840A-A00B-457E2FACBDD4}"
EndProject
Project("{FAE04EC0-301F-11D3-BF4B-00C04F79EFBC}") = "Assembly-CSharp-Editor", "Assembly-CSharp-Editor.csproj", "{3A94C5CA-74D9-4AD2-454F-B2015BF2172B}"
EndProject
Project("{FAE04EC0-301F-11D3-BF4B-00C04F79EFBC}") = "TensorFlowLite.Common.Editor", "TensorFlowLite.Common.Editor.csproj", "{7575027E-3C8C-69E0-CDC2-6DF7BA4EDFAB}"
EndProject
Project("{FAE04EC0-301F-11D3-BF4B-00C04F79EFBC}") = "Oculus.VR.Editor", "Oculus.VR.Editor.csproj", "{44DE94FA-ABCC-85DC-379B-6662C06F0AF4}"
EndProject
Project("{FAE04EC0-301F-11D3-BF4B-00C04F79EFBC}") = "Assembly-CSharp-Editor-firstpass", "Assembly-CSharp-Editor-firstpass.csproj", "{F5FECF11-B3A4-4058-A82A-3C6E098857E3}"
EndProject
Project("{FAE04EC0-301F-11D3-BF4B-00C04F79EFBC}") = "Oculus.VR.Scripts.Editor", "Oculus.VR.Scripts.Editor.csproj", "{9F235E27-74E7-683D-5481-B7DAC48B6D04}"
EndProject
Project("{FAE04EC0-301F-11D3-BF4B-00C04F79EFBC}") = "MediaPipe.Editor", "MediaPipe.Editor.csproj", "{67E26793-802A-F229-3D7C-D3B8B1B4A339}"
EndProject
Project("{FAE04EC0-301F-11D3-BF4B-00C04F79EFBC}") = "UniTask.Editor", "UniTask.Editor.csproj", "{A2A54995-0781-1D14-3ECE-14C66649F361}"
EndProject
Global
	GlobalSection(SolutionConfigurationPlatforms) = preSolution
		Debug|Any CPU = Debug|Any CPU
		Release|Any CPU = Release|Any CPU
	EndGlobalSection
	GlobalSection(ProjectConfigurationPlatforms) = postSolution
		{B31FB958-41E9-2BA6-E1E5-2E6C979741D6}.Debug|Any CPU.ActiveCfg = Debug|Any CPU
		{B31FB958-41E9-2BA6-E1E5-2E6C979741D6}.Debug|Any CPU.Build.0 = Debug|Any CPU
		{B31FB958-41E9-2BA6-E1E5-2E6C979741D6}.Release|Any CPU.ActiveCfg = Release|Any CPU
		{B31FB958-41E9-2BA6-E1E5-2E6C979741D6}.Release|Any CPU.Build.0 = Release|Any CPU
		{0A5D8B3A-D7D9-0178-A84A-177F68772161}.Debug|Any CPU.ActiveCfg = Debug|Any CPU
		{0A5D8B3A-D7D9-0178-A84A-177F68772161}.Debug|Any CPU.Build.0 = Debug|Any CPU
		{0A5D8B3A-D7D9-0178-A84A-177F68772161}.Release|Any CPU.ActiveCfg = Release|Any CPU
		{0A5D8B3A-D7D9-0178-A84A-177F68772161}.Release|Any CPU.Build.0 = Release|Any CPU
		{7A6AF01A-485F-9109-C245-E3977BE2BABB}.Debug|Any CPU.ActiveCfg = Debug|Any CPU
		{7A6AF01A-485F-9109-C245-E3977BE2BABB}.Debug|Any CPU.Build.0 = Debug|Any CPU
		{7A6AF01A-485F-9109-C245-E3977BE2BABB}.Release|Any CPU.ActiveCfg = Release|Any CPU
		{7A6AF01A-485F-9109-C245-E3977BE2BABB}.Release|Any CPU.Build.0 = Release|Any CPU
		{C7B383AC-176A-A6F7-04AC-65B62527F37C}.Debug|Any CPU.ActiveCfg = Debug|Any CPU
		{C7B383AC-176A-A6F7-04AC-65B62527F37C}.Debug|Any CPU.Build.0 = Debug|Any CPU
		{C7B383AC-176A-A6F7-04AC-65B62527F37C}.Release|Any CPU.ActiveCfg = Release|Any CPU
		{C7B383AC-176A-A6F7-04AC-65B62527F37C}.Release|Any CPU.Build.0 = Release|Any CPU
		{19B3A269-69A7-B4D7-9E3F-BDA88A18DF6D}.Debug|Any CPU.ActiveCfg = Debug|Any CPU
		{19B3A269-69A7-B4D7-9E3F-BDA88A18DF6D}.Debug|Any CPU.Build.0 = Debug|Any CPU
		{19B3A269-69A7-B4D7-9E3F-BDA88A18DF6D}.Release|Any CPU.ActiveCfg = Release|Any CPU
		{19B3A269-69A7-B4D7-9E3F-BDA88A18DF6D}.Release|Any CPU.Build.0 = Release|Any CPU
		{A697F44B-2DDF-34DE-8ED8-C52392AF41E1}.Debug|Any CPU.ActiveCfg = Debug|Any CPU
		{A697F44B-2DDF-34DE-8ED8-C52392AF41E1}.Debug|Any CPU.Build.0 = Debug|Any CPU
		{A697F44B-2DDF-34DE-8ED8-C52392AF41E1}.Release|Any CPU.ActiveCfg = Release|Any CPU
		{A697F44B-2DDF-34DE-8ED8-C52392AF41E1}.Release|Any CPU.Build.0 = Release|Any CPU
		{95AA903A-9349-F69B-E9E4-09B6B9204ED5}.Debug|Any CPU.ActiveCfg = Debug|Any CPU
		{95AA903A-9349-F69B-E9E4-09B6B9204ED5}.Debug|Any CPU.Build.0 = Debug|Any CPU
		{95AA903A-9349-F69B-E9E4-09B6B9204ED5}.Release|Any CPU.ActiveCfg = Release|Any CPU
		{95AA903A-9349-F69B-E9E4-09B6B9204ED5}.Release|Any CPU.Build.0 = Release|Any CPU
		{17F9046C-4CAB-9D3D-1E0D-C86507D4BDD0}.Debug|Any CPU.ActiveCfg = Debug|Any CPU
		{17F9046C-4CAB-9D3D-1E0D-C86507D4BDD0}.Debug|Any CPU.Build.0 = Debug|Any CPU
		{17F9046C-4CAB-9D3D-1E0D-C86507D4BDD0}.Release|Any CPU.ActiveCfg = Release|Any CPU
		{17F9046C-4CAB-9D3D-1E0D-C86507D4BDD0}.Release|Any CPU.Build.0 = Release|Any CPU
		{14876D76-0FE8-AF78-861B-8D53C6ECE0D6}.Debug|Any CPU.ActiveCfg = Debug|Any CPU
		{14876D76-0FE8-AF78-861B-8D53C6ECE0D6}.Debug|Any CPU.Build.0 = Debug|Any CPU
		{14876D76-0FE8-AF78-861B-8D53C6ECE0D6}.Release|Any CPU.ActiveCfg = Release|Any CPU
		{14876D76-0FE8-AF78-861B-8D53C6ECE0D6}.Release|Any CPU.Build.0 = Release|Any CPU
		{CE9B2A1D-8528-20DF-6E09-7231DD0000D0}.Debug|Any CPU.ActiveCfg = Debug|Any CPU
		{CE9B2A1D-8528-20DF-6E09-7231DD0000D0}.Debug|Any CPU.Build.0 = Debug|Any CPU
		{CE9B2A1D-8528-20DF-6E09-7231DD0000D0}.Release|Any CPU.ActiveCfg = Release|Any CPU
		{CE9B2A1D-8528-20DF-6E09-7231DD0000D0}.Release|Any CPU.Build.0 = Release|Any CPU
		{2D805184-EC34-840A-A00B-457E2FACBDD4}.Debug|Any CPU.ActiveCfg = Debug|Any CPU
		{2D805184-EC34-840A-A00B-457E2FACBDD4}.Debug|Any CPU.Build.0 = Debug|Any CPU
		{2D805184-EC34-840A-A00B-457E2FACBDD4}.Release|Any CPU.ActiveCfg = Release|Any CPU
		{2D805184-EC34-840A-A00B-457E2FACBDD4}.Release|Any CPU.Build.0 = Release|Any CPU
		{3A94C5CA-74D9-4AD2-454F-B2015BF2172B}.Debug|Any CPU.ActiveCfg = Debug|Any CPU
		{3A94C5CA-74D9-4AD2-454F-B2015BF2172B}.Debug|Any CPU.Build.0 = Debug|Any CPU
		{3A94C5CA-74D9-4AD2-454F-B2015BF2172B}.Release|Any CPU.ActiveCfg = Release|Any CPU
		{3A94C5CA-74D9-4AD2-454F-B2015BF2172B}.Release|Any CPU.Build.0 = Release|Any CPU
		{7575027E-3C8C-69E0-CDC2-6DF7BA4EDFAB}.Debug|Any CPU.ActiveCfg = Debug|Any CPU
		{7575027E-3C8C-69E0-CDC2-6DF7BA4EDFAB}.Debug|Any CPU.Build.0 = Debug|Any CPU
		{7575027E-3C8C-69E0-CDC2-6DF7BA4EDFAB}.Release|Any CPU.ActiveCfg = Release|Any CPU
		{7575027E-3C8C-69E0-CDC2-6DF7BA4EDFAB}.Release|Any CPU.Build.0 = Release|Any CPU
		{44DE94FA-ABCC-85DC-379B-6662C06F0AF4}.Debug|Any CPU.ActiveCfg = Debug|Any CPU
		{44DE94FA-ABCC-85DC-379B-6662C06F0AF4}.Debug|Any CPU.Build.0 = Debug|Any CPU
		{44DE94FA-ABCC-85DC-379B-6662C06F0AF4}.Release|Any CPU.ActiveCfg = Release|Any CPU
		{44DE94FA-ABCC-85DC-379B-6662C06F0AF4}.Release|Any CPU.Build.0 = Release|Any CPU
		{F5FECF11-B3A4-4058-A82A-3C6E098857E3}.Debug|Any CPU.ActiveCfg = Debug|Any CPU
		{F5FECF11-B3A4-4058-A82A-3C6E098857E3}.Debug|Any CPU.Build.0 = Debug|Any CPU
		{F5FECF11-B3A4-4058-A82A-3C6E098857E3}.Release|Any CPU.ActiveCfg = Release|Any CPU
		{F5FECF11-B3A4-4058-A82A-3C6E098857E3}.Release|Any CPU.Build.0 = Release|Any CPU
		{9F235E27-74E7-683D-5481-B7DAC48B6D04}.Debug|Any CPU.ActiveCfg = Debug|Any CPU
		{9F235E27-74E7-683D-5481-B7DAC48B6D04}.Debug|Any CPU.Build.0 = Debug|Any CPU
		{9F235E27-74E7-683D-5481-B7DAC48B6D04}.Release|Any CPU.ActiveCfg = Release|Any CPU
		{9F235E27-74E7-683D-5481-B7DAC48B6D04}.Release|Any CPU.Build.0 = Release|Any CPU
		{67E26793-802A-F229-3D7C-D3B8B1B4A339}.Debug|Any CPU.ActiveCfg = Debug|Any CPU
		{67E26793-802A-F229-3D7C-D3B8B1B4A339}.Debug|Any CPU.Build.0 = Debug|Any CPU
		{67E26793-802A-F229-3D7C-D3B8B1B4A339}.Release|Any CPU.ActiveCfg = Release|Any CPU
		{67E26793-802A-F229-3D7C-D3B8B1B4A339}.Release|Any CPU.Build.0 = Release|Any CPU
		{A2A54995-0781-1D14-3ECE-14C66649F361}.Debug|Any CPU.ActiveCfg = Debug|Any CPU
		{A2A54995-0781-1D14-3ECE-14C66649F361}.Debug|Any CPU.Build.0 = Debug|Any CPU
		{A2A54995-0781-1D14-3ECE-14C66649F361}.Release|Any CPU.ActiveCfg = Release|Any CPU
		{A2A54995-0781-1D14-3ECE-14C66649F361}.Release|Any CPU.Build.0 = Release|Any CPU
	EndGlobalSection
	GlobalSection(SolutionProperties) = preSolution
		HideSolutionNode = FALSE
	EndGlobalSection
EndGlobal
